
Microsoft Visual Studio Solution File, Format Version 12.00
# Visual Studio 15
Project("{FAE04EC0-301F-11D3-BF4B-00C04F79EFBC}") = "Assembly-CSharp", "Assembly-CSharp.csproj", "{B537D81D-F4AA-CC77-54A8-8B757A7991DC}"
EndProject
Project("{FAE04EC0-301F-11D3-BF4B-00C04F79EFBC}") = "Assembly-CSharp-Editor", "Assembly-CSharp-Editor.csproj", "{C391C0AD-A40B-DF6F-88D3-69D94365F09E}"
EndProject
Global
	GlobalSection(SolutionConfigurationPlatforms) = preSolution
		Debug|Any CPU = Debug|Any CPU
		Release|Any CPU = Release|Any CPU
	EndGlobalSection
	GlobalSection(ProjectConfigurationPlatforms) = postSolution
		{B537D81D-F4AA-CC77-54A8-8B757A7991DC}.Debug|Any CPU.ActiveCfg = Debug|Any CPU
		{B537D81D-F4AA-CC77-54A8-8B757A7991DC}.Debug|Any CPU.Build.0 = Debug|Any CPU
		{B537D81D-F4AA-CC77-54A8-8B757A7991DC}.Release|Any CPU.ActiveCfg = Release|Any CPU
		{B537D81D-F4AA-CC77-54A8-8B757A7991DC}.Release|Any CPU.Build.0 = Release|Any CPU
		{C391C0AD-A40B-DF6F-88D3-69D94365F09E}.Debug|Any CPU.ActiveCfg = Debug|Any CPU
		{C391C0AD-A40B-DF6F-88D3-69D94365F09E}.Debug|Any CPU.Build.0 = Debug|Any CPU
		{C391C0AD-A40B-DF6F-88D3-69D94365F09E}.Release|Any CPU.ActiveCfg = Release|Any CPU
		{C391C0AD-A40B-DF6F-88D3-69D94365F09E}.Release|Any CPU.Build.0 = Release|Any CPU
	EndGlobalSection
	GlobalSection(SolutionProperties) = preSolution
		HideSolutionNode = FALSE
	EndGlobalSection
EndGlobal
